
Microsoft Visual Studio Solution File, Format Version 12.00
# Visual Studio Version 16
VisualStudioVersion = 16.0.30717.126
MinimumVisualStudioVersion = 10.0.40219.1
Project("{FAE04EC0-301F-11D3-BF4B-00C04F79EFBC}") = "Client", "MyWebsite\Client.csproj", "{7A29597D-19DD-4D01-802A-808158AF28E3}"
EndProject
Project("{9A19103F-16F7-4668-BE54-9A1E7A4F7556}") = "API", "API\API.csproj", "{2A5A221D-1E5C-4412-9183-0D3EB72610B2}"
EndProject
Project("{FAE04EC0-301F-11D3-BF4B-00C04F79EFBC}") = "ClientWeb", "ClientWeb\ClientWeb.csproj", "{480A11B1-6D78-4F7F-B303-9D70C885DD1E}"
EndProject
Global
	GlobalSection(SolutionConfigurationPlatforms) = preSolution
		Debug|Any CPU = Debug|Any CPU
		Release|Any CPU = Release|Any CPU
	EndGlobalSection
	GlobalSection(ProjectConfigurationPlatforms) = postSolution
		{7A29597D-19DD-4D01-802A-808158AF28E3}.Debug|Any CPU.ActiveCfg = Debug|Any CPU
		{7A29597D-19DD-4D01-802A-808158AF28E3}.Debug|Any CPU.Build.0 = Debug|Any CPU
		{7A29597D-19DD-4D01-802A-808158AF28E3}.Release|Any CPU.ActiveCfg = Release|Any CPU
		{7A29597D-19DD-4D01-802A-808158AF28E3}.Release|Any CPU.Build.0 = Release|Any CPU
		{2A5A221D-1E5C-4412-9183-0D3EB72610B2}.Debug|Any CPU.ActiveCfg = Debug|Any CPU
		{2A5A221D-1E5C-4412-9183-0D3EB72610B2}.Debug|Any CPU.Build.0 = Debug|Any CPU
		{2A5A221D-1E5C-4412-9183-0D3EB72610B2}.Release|Any CPU.ActiveCfg = Release|Any CPU
		{2A5A221D-1E5C-4412-9183-0D3EB72610B2}.Release|Any CPU.Build.0 = Release|Any CPU
		{480A11B1-6D78-4F7F-B303-9D70C885DD1E}.Debug|Any CPU.ActiveCfg = Debug|Any CPU
		{480A11B1-6D78-4F7F-B303-9D70C885DD1E}.Debug|Any CPU.Build.0 = Debug|Any CPU
		{480A11B1-6D78-4F7F-B303-9D70C885DD1E}.Release|Any CPU.ActiveCfg = Release|Any CPU
		{480A11B1-6D78-4F7F-B303-9D70C885DD1E}.Release|Any CPU.Build.0 = Release|Any CPU
	EndGlobalSection
	GlobalSection(SolutionProperties) = preSolution
		HideSolutionNode = FALSE
	EndGlobalSection
	GlobalSection(ExtensibilityGlobals) = postSolution
		SolutionGuid = {2304803F-8D9C-472F-AB18-98AD38DDC933}
	EndGlobalSection
EndGlobal
